# This file is automatically @generated by Cargo.
# It is not intended for manual editing.
version = 3

[[package]]
name = "aoclib"
version = "0.2.1"
source = "registry+https://github.com/rust-lang/crates.io-index"
checksum = "9e8641208d3994f6429f6b93a2b173951a80fa0cce1f37cb004a8aca656671a7"

[[package]]
name = "md5"
version = "0.7.0"
source = "registry+https://github.com/rust-lang/crates.io-index"
checksum = "490cc448043f947bae3cbee9c203358d62dbee0db12107a74be5c30ccfd09771"

[[package]]
name = "y2015d01"
version = "0.1.0"
dependencies = [
 "aoclib",
]

[[package]]
name = "y2015d02"
version = "0.1.0"
dependencies = [
 "aoclib",
]

[[package]]
name = "y2015d03"
version = "0.1.0"
dependencies = [
 "aoclib",
]

[[package]]
name = "y2015d04"
version = "0.1.0"
dependencies = [
 "aoclib",
 "md5",
]

[[package]]
name = "y2015d05"
version = "0.1.0"
dependencies = [
 "aoclib",
]

[[package]]
name = "y2015d06"
version = "0.1.0"
dependencies = [
 "aoclib",
]

[[package]]
name = "y2015d07"
version = "0.1.0"
dependencies = [
 "aoclib",
]
