# This file is automatically @generated by Cargo.
# It is not intended for manual editing.
version = 3

[[package]]
name = "addr2line"
version = "0.21.0"
source = "registry+https://github.com/rust-lang/crates.io-index"
checksum = "8a30b2e23b9e17a9f90641c7ab1549cd9b44f296d3ccbf309d2863cfe398a0cb"
dependencies = [
 "gimli",
]

[[package]]
name = "adler"
version = "1.0.2"
source = "registry+https://github.com/rust-lang/crates.io-index"
checksum = "f26201604c87b1e01bd3d98f8d5d9a8fcbb815e8cedb41ffccbeb4bf593a35fe"

[[package]]
name = "adventofcode_lmh01_lib"
version = "2.6.0"
source = "git+https://github.com/LMH01/adventofcode_lmh01_lib.git#5d4f0a5fb6c818a59f68b57a5fb0b562cbd23e4e"
dependencies = [
 "miette",
]

[[package]]
name = "aoclib"
version = "0.2.1"
source = "registry+https://github.com/rust-lang/crates.io-index"
checksum = "9e8641208d3994f6429f6b93a2b173951a80fa0cce1f37cb004a8aca656671a7"

[[package]]
name = "atty"
version = "0.2.14"
source = "registry+https://github.com/rust-lang/crates.io-index"
checksum = "d9b39be18770d11421cdb1b9947a45dd3f37e93092cbf377614828a319d5fee8"
dependencies = [
 "hermit-abi",
 "libc",
 "winapi",
]

[[package]]
name = "backtrace"
version = "0.3.69"
source = "registry+https://github.com/rust-lang/crates.io-index"
checksum = "2089b7e3f35b9dd2d0ed921ead4f6d318c27680d4a5bd167b3ee120edb105837"
dependencies = [
 "addr2line",
 "cc",
 "cfg-if",
 "libc",
 "miniz_oxide",
 "object",
 "rustc-demangle",
]

[[package]]
name = "cc"
version = "1.0.83"
source = "registry+https://github.com/rust-lang/crates.io-index"
checksum = "f1174fb0b6ec23863f8b971027804a42614e347eafb0a95bf0b12cdae21fc4d0"
dependencies = [
 "libc",
]

[[package]]
name = "cfg-if"
version = "1.0.0"
source = "registry+https://github.com/rust-lang/crates.io-index"
checksum = "baf1de4339761588bc0619e3cbc0120ee582ebb74b53b4efbf79117bd2da40fd"

[[package]]
name = "gimli"
version = "0.28.1"
source = "registry+https://github.com/rust-lang/crates.io-index"
checksum = "4271d37baee1b8c7e4b708028c57d816cf9d2434acb33a549475f78c181f6253"

[[package]]
name = "hermit-abi"
version = "0.1.19"
source = "registry+https://github.com/rust-lang/crates.io-index"
checksum = "62b467343b94ba476dcb2500d242dadbb39557df889310ac77c5d99100aaac33"
dependencies = [
 "libc",
]

[[package]]
name = "is_ci"
version = "1.1.1"
source = "registry+https://github.com/rust-lang/crates.io-index"
checksum = "616cde7c720bb2bb5824a224687d8f77bfd38922027f01d825cd7453be5099fb"

[[package]]
name = "libc"
version = "0.2.150"
source = "registry+https://github.com/rust-lang/crates.io-index"
checksum = "89d92a4743f9a61002fae18374ed11e7973f530cb3a3255fb354818118b2203c"

[[package]]
name = "md5"
version = "0.7.0"
source = "registry+https://github.com/rust-lang/crates.io-index"
checksum = "490cc448043f947bae3cbee9c203358d62dbee0db12107a74be5c30ccfd09771"

[[package]]
name = "memchr"
version = "2.6.4"
source = "registry+https://github.com/rust-lang/crates.io-index"
checksum = "f665ee40bc4a3c5590afb1e9677db74a508659dfd71e126420da8274909a0167"

[[package]]
name = "miette"
version = "3.3.0"
source = "registry+https://github.com/rust-lang/crates.io-index"
checksum = "cd2adcfcced5d625bf90a958a82ae5b93231f57f3df1383fee28c9b5096d35ed"
dependencies = [
 "atty",
 "backtrace",
 "miette-derive",
 "once_cell",
 "owo-colors",
 "supports-color",
 "supports-hyperlinks",
 "supports-unicode",
 "terminal_size",
 "textwrap",
 "thiserror",
]

[[package]]
name = "miette-derive"
version = "3.3.0"
source = "registry+https://github.com/rust-lang/crates.io-index"
checksum = "5c01a8b61312d367ce87956bb686731f87e4c6dd5dbc550e8f06e3c24fb1f67f"
dependencies = [
 "proc-macro2",
 "quote",
 "syn 1.0.109",
]

[[package]]
name = "miniz_oxide"
version = "0.7.1"
source = "registry+https://github.com/rust-lang/crates.io-index"
checksum = "e7810e0be55b428ada41041c41f32c9f1a42817901b4ccf45fa3d4b6561e74c7"
dependencies = [
 "adler",
]

[[package]]
name = "object"
version = "0.32.1"
source = "registry+https://github.com/rust-lang/crates.io-index"
checksum = "9cf5f9dd3933bd50a9e1f149ec995f39ae2c496d31fd772c1fd45ebc27e902b0"
dependencies = [
 "memchr",
]

[[package]]
name = "once_cell"
version = "1.18.0"
source = "registry+https://github.com/rust-lang/crates.io-index"
checksum = "dd8b5dd2ae5ed71462c540258bedcb51965123ad7e7ccf4b9a8cafaa4a63576d"

[[package]]
name = "owo-colors"
version = "3.5.0"
source = "registry+https://github.com/rust-lang/crates.io-index"
checksum = "c1b04fb49957986fdce4d6ee7a65027d55d4b6d2265e5848bbb507b58ccfdb6f"

[[package]]
name = "proc-macro2"
version = "1.0.70"
source = "registry+https://github.com/rust-lang/crates.io-index"
checksum = "39278fbbf5fb4f646ce651690877f89d1c5811a3d4acb27700c1cb3cdb78fd3b"
dependencies = [
 "unicode-ident",
]

[[package]]
name = "quote"
version = "1.0.33"
source = "registry+https://github.com/rust-lang/crates.io-index"
checksum = "5267fca4496028628a95160fc423a33e8b2e6af8a5302579e322e4b520293cae"
dependencies = [
 "proc-macro2",
]

[[package]]
name = "rustc-demangle"
version = "0.1.23"
source = "registry+https://github.com/rust-lang/crates.io-index"
checksum = "d626bb9dae77e28219937af045c257c28bfd3f69333c512553507f5f9798cb76"

[[package]]
name = "simple_graph_algorithms"
version = "1.0.0"
source = "registry+https://github.com/rust-lang/crates.io-index"
checksum = "3abfe80239e5c19d840582a331d2feae1cd7a5430482c7a0410692f0c20bfd5f"

[[package]]
name = "smawk"
version = "0.3.2"
source = "registry+https://github.com/rust-lang/crates.io-index"
checksum = "b7c388c1b5e93756d0c740965c41e8822f866621d41acbdf6336a6a168f8840c"

[[package]]
name = "supports-color"
version = "1.3.1"
source = "registry+https://github.com/rust-lang/crates.io-index"
checksum = "8ba6faf2ca7ee42fdd458f4347ae0a9bd6bcc445ad7cb57ad82b383f18870d6f"
dependencies = [
 "atty",
 "is_ci",
]

[[package]]
name = "supports-hyperlinks"
version = "1.2.0"
source = "registry+https://github.com/rust-lang/crates.io-index"
checksum = "590b34f7c5f01ecc9d78dba4b3f445f31df750a67621cf31626f3b7441ce6406"
dependencies = [
 "atty",
]

[[package]]
name = "supports-unicode"
version = "1.0.2"
source = "registry+https://github.com/rust-lang/crates.io-index"
checksum = "a8b945e45b417b125a8ec51f1b7df2f8df7920367700d1f98aedd21e5735f8b2"
dependencies = [
 "atty",
]

[[package]]
name = "syn"
version = "1.0.109"
source = "registry+https://github.com/rust-lang/crates.io-index"
checksum = "72b64191b275b66ffe2469e8af2c1cfe3bafa67b529ead792a6d0160888b4237"
dependencies = [
 "proc-macro2",
 "quote",
 "unicode-ident",
]

[[package]]
name = "syn"
version = "2.0.39"
source = "registry+https://github.com/rust-lang/crates.io-index"
checksum = "23e78b90f2fcf45d3e842032ce32e3f2d1545ba6636271dcbf24fa306d87be7a"
dependencies = [
 "proc-macro2",
 "quote",
 "unicode-ident",
]

[[package]]
name = "terminal_size"
version = "0.1.17"
source = "registry+https://github.com/rust-lang/crates.io-index"
checksum = "633c1a546cee861a1a6d0dc69ebeca693bf4296661ba7852b9d21d159e0506df"
dependencies = [
 "libc",
 "winapi",
]

[[package]]
name = "textwrap"
version = "0.14.2"
source = "registry+https://github.com/rust-lang/crates.io-index"
checksum = "0066c8d12af8b5acd21e00547c3797fde4e8677254a7ee429176ccebbe93dd80"
dependencies = [
 "smawk",
 "unicode-linebreak",
 "unicode-width",
]

[[package]]
name = "thiserror"
version = "1.0.50"
source = "registry+https://github.com/rust-lang/crates.io-index"
checksum = "f9a7210f5c9a7156bb50aa36aed4c95afb51df0df00713949448cf9e97d382d2"
dependencies = [
 "thiserror-impl",
]

[[package]]
name = "thiserror-impl"
version = "1.0.50"
source = "registry+https://github.com/rust-lang/crates.io-index"
checksum = "266b2e40bc00e5a6c09c3584011e08b06f123c00362c92b975ba9843aaaa14b8"
dependencies = [
 "proc-macro2",
 "quote",
 "syn 2.0.39",
]

[[package]]
name = "unicode-ident"
version = "1.0.12"
source = "registry+https://github.com/rust-lang/crates.io-index"
checksum = "3354b9ac3fae1ff6755cb6db53683adb661634f67557942dea4facebec0fee4b"

[[package]]
name = "unicode-linebreak"
version = "0.1.5"
source = "registry+https://github.com/rust-lang/crates.io-index"
checksum = "3b09c83c3c29d37506a3e260c08c03743a6bb66a9cd432c6934ab501a190571f"

[[package]]
name = "unicode-width"
version = "0.1.11"
source = "registry+https://github.com/rust-lang/crates.io-index"
checksum = "e51733f11c9c4f72aa0c160008246859e340b00807569a0da0e7a1079b27ba85"

[[package]]
name = "winapi"
version = "0.3.9"
source = "registry+https://github.com/rust-lang/crates.io-index"
checksum = "5c839a674fcd7a98952e593242ea400abe93992746761e38641405d28b00f419"
dependencies = [
 "winapi-i686-pc-windows-gnu",
 "winapi-x86_64-pc-windows-gnu",
]

[[package]]
name = "winapi-i686-pc-windows-gnu"
version = "0.4.0"
source = "registry+https://github.com/rust-lang/crates.io-index"
checksum = "ac3b87c63620426dd9b991e5ce0329eff545bccbbb34f3be09ff6fb6ab51b7b6"

[[package]]
name = "winapi-x86_64-pc-windows-gnu"
version = "0.4.0"
source = "registry+https://github.com/rust-lang/crates.io-index"
checksum = "712e227841d057c1ee1cd2fb22fa7e5a5461ae8e48fa2ca79ec42cfc1931183f"

[[package]]
name = "y2015d01"
version = "0.1.0"
dependencies = [
 "aoclib",
]

[[package]]
name = "y2015d02"
version = "0.1.0"
dependencies = [
 "aoclib",
]

[[package]]
name = "y2015d03"
version = "0.1.0"
dependencies = [
 "aoclib",
]

[[package]]
name = "y2015d04"
version = "0.1.0"
dependencies = [
 "aoclib",
 "md5",
]

[[package]]
name = "y2015d05"
version = "0.1.0"
dependencies = [
 "aoclib",
]

[[package]]
name = "y2015d06"
version = "0.1.0"
dependencies = [
 "aoclib",
]

[[package]]
name = "y2015d07"
version = "0.1.0"
dependencies = [
 "aoclib",
]

[[package]]
name = "y2021d01"
version = "0.1.0"
dependencies = [
 "aoclib",
]

[[package]]
name = "y2021d02"
version = "0.1.0"
dependencies = [
 "aoclib",
]

[[package]]
name = "y2021d03"
version = "0.1.0"
dependencies = [
 "adventofcode_lmh01_lib",
 "aoclib",
]

[[package]]
name = "y2021d04"
version = "0.1.0"
dependencies = [
 "adventofcode_lmh01_lib",
 "aoclib",
]

[[package]]
name = "y2021d05"
version = "0.1.0"
dependencies = [
 "aoclib",
]

[[package]]
name = "y2021d06"
version = "0.1.0"
dependencies = [
 "adventofcode_lmh01_lib",
 "aoclib",
]

[[package]]
name = "y2021d07"
version = "0.1.0"
dependencies = [
 "adventofcode_lmh01_lib",
 "aoclib",
]

[[package]]
name = "y2021d08"
version = "0.1.0"
dependencies = [
 "aoclib",
]

[[package]]
name = "y2021d09"
version = "0.1.0"
dependencies = [
 "adventofcode_lmh01_lib",
 "aoclib",
]

[[package]]
name = "y2021d10"
version = "0.1.0"
dependencies = [
 "aoclib",
]

[[package]]
name = "y2021d11"
version = "0.1.0"
dependencies = [
 "aoclib",
]

[[package]]
name = "y2021d13"
version = "0.1.0"
dependencies = [
 "aoclib",
]

[[package]]
name = "y2021d14"
version = "0.1.0"
dependencies = [
 "aoclib",
]

[[package]]
name = "y2021d15"
version = "0.1.0"
dependencies = [
 "aoclib",
 "simple_graph_algorithms",
]

[[package]]
name = "y2022d01"
version = "0.1.0"
dependencies = [
 "aoclib",
]

[[package]]
name = "y2022d02"
version = "0.1.0"
dependencies = [
 "aoclib",
]

[[package]]
name = "y2022d03"
version = "0.1.0"
dependencies = [
 "aoclib",
]

[[package]]
name = "y2022d04"
version = "0.1.0"
dependencies = [
 "adventofcode_lmh01_lib",
 "aoclib",
]

[[package]]
name = "y2022d05"
version = "0.1.0"
dependencies = [
 "aoclib",
]

[[package]]
name = "y2022d06"
version = "0.1.0"
dependencies = [
 "aoclib",
]

[[package]]
name = "y2023d01"
version = "0.1.0"
dependencies = [
 "aoclib",
]

[[package]]
name = "y2023d02"
version = "0.1.0"
dependencies = [
 "aoclib",
]

[[package]]
name = "y2023d03"
version = "0.1.0"
dependencies = [
 "aoclib",
]

[[package]]
name = "y2023d04"
version = "0.1.0"
dependencies = [
 "aoclib",
]

[[package]]
name = "y2023d06"
version = "0.1.0"
dependencies = [
 "adventofcode_lmh01_lib",
 "aoclib",
]

[[package]]
name = "y2023d07"
version = "0.1.0"
dependencies = [
 "aoclib",
]
