# This file is automatically @generated by Cargo.
# It is not intended for manual editing.
version = 3

[[package]]
name = "a2"
version = "0.1.0"
dependencies = [
 "adventofcode_lmh01_lib",
]

[[package]]
name = "adventofcode_lmh01_lib"
version = "0.1.0"
source = "git+https://github.com/LMH01/adventofcode_lmh01_lib.git#b94b6b2b2464ec2201231b20aa67a90de692ac2a"
